
Microsoft Visual Studio Solution File, Format Version 12.00
# Visual Studio Version 17
VisualStudioVersion = 17.4.33213.308
MinimumVisualStudioVersion = 10.0.40219.1
Project("{9A19103F-16F7-4668-BE54-9A1E7A4F7556}") = "EHR_API", "EHR_API\EHR_API.csproj", "{23E80659-D768-44D7-B7F0-D8AEB773E750}"
EndProject
Project("{FAE04EC0-301F-11D3-BF4B-00C04F79EFBC}") = "EHR_MVC", "EHR_MVC\EHR_MVC.csproj", "{D66637A8-FABD-4D24-B18E-06E2EA13DBCC}"
EndProject
Global
	GlobalSection(SolutionConfigurationPlatforms) = preSolution
		Debug|Any CPU = Debug|Any CPU
		Release|Any CPU = Release|Any CPU
	EndGlobalSection
	GlobalSection(ProjectConfigurationPlatforms) = postSolution
		{23E80659-D768-44D7-B7F0-D8AEB773E750}.Debug|Any CPU.ActiveCfg = Debug|Any CPU
		{23E80659-D768-44D7-B7F0-D8AEB773E750}.Debug|Any CPU.Build.0 = Debug|Any CPU
		{23E80659-D768-44D7-B7F0-D8AEB773E750}.Release|Any CPU.ActiveCfg = Release|Any CPU
		{23E80659-D768-44D7-B7F0-D8AEB773E750}.Release|Any CPU.Build.0 = Release|Any CPU
		{D66637A8-FABD-4D24-B18E-06E2EA13DBCC}.Debug|Any CPU.ActiveCfg = Debug|Any CPU
		{D66637A8-FABD-4D24-B18E-06E2EA13DBCC}.Debug|Any CPU.Build.0 = Debug|Any CPU
		{D66637A8-FABD-4D24-B18E-06E2EA13DBCC}.Release|Any CPU.ActiveCfg = Release|Any CPU
		{D66637A8-FABD-4D24-B18E-06E2EA13DBCC}.Release|Any CPU.Build.0 = Release|Any CPU
	EndGlobalSection
	GlobalSection(SolutionProperties) = preSolution
		HideSolutionNode = FALSE
	EndGlobalSection
	GlobalSection(ExtensibilityGlobals) = postSolution
		SolutionGuid = {B1AFB076-1E26-4CEA-B6FF-17C0F51175C6}
	EndGlobalSection
EndGlobal
